{
  "name": "YoungWork",
  "lockfileVersion": 3,
  "requires": true,
  "packages": {
    "": {
      "devDependencies": {
        "webpack-bundle-tracker": "^3.0.1"
      }
    },
    "node_modules/webpack-bundle-tracker": {
      "version": "3.2.1",
      "resolved": "https://registry.npmjs.org/webpack-bundle-tracker/-/webpack-bundle-tracker-3.2.1.tgz",
      "integrity": "sha512-N1bi1Kok4kexXUvez2Jwrq2SpA4xm6JZfqK9L5hXNbe3E5pR4oS7UYgOq1ALapP89oRjHXc3fzblqDqo+zag2A==",
      "dev": true
    }
  }
}
