{
    "_meta": {
        "hash": {
            "sha256": "d0b7ecdb4c8e33bb1f04c15eb3a0d7ba86adf72030af46f5b8cd6388f7982be0"
        },
        "pipfile-spec": 6,
        "requires": {
            "python_version": "3.11"
        },
        "sources": [
            {
                "name": "pypi",
                "url": "https://pypi.org/simple",
                "verify_ssl": true
            }
        ]
    },
    "default": {
        "django-webpack-loader": {
            "hashes": [
                "sha256:0e8dfb2fcdb39dbfd01be7603c060132a4664f483811ce3c75f2d3c0d39ab762",
                "sha256:2704c5b0e699a9a3a70aa21b75825d8637cd0df8134c3308b5c2976ecc20b5f7"
            ],
            "index": "pypi",
            "version": "==2.0.1"
        }
    },
    "develop": {}
}
